{
    "_readme": [
        "This file locks the dependencies of your project to a known state",
        "Read more about it at http://getcomposer.org/doc/01-basic-usage.md#composer-lock-the-lock-file",
        "This file is @generated automatically"
    ],
    "hash": "13e22e2f8b42051bdd34effd89f1cf1c",
    "packages": [
        {
            "name": "alt/base",
            "version": "dev-master",
            "source": {
                "type": "git",
                "url": "https://github.com/neiron486k/Base.git",
                "reference": "cec98d4c274e6af8ae2e3d198244a43fcce43f7c"
            },
            "dist": {
                "type": "zip",
                "url": "https://api.github.com/repos/neiron486k/Base/zipball/cec98d4c274e6af8ae2e3d198244a43fcce43f7c",
                "reference": "cec98d4c274e6af8ae2e3d198244a43fcce43f7c",
                "shasum": ""
            },
            "require": {
                "php": ">=5.4.13"
            },
            "type": "library",
            "extra": {
                "branch-alias": {
                    "dev-master": "1.0.x-dev"
                }
            },
            "autoload": {
                "psr-4": {
                    "Base\\": "src/Base"
                },
                "classmap": [
                    "./Module.php"
                ]
            },
            "notification-url": "https://packagist.org/downloads/",
            "license": [
                "MIT"
            ],
            "authors": [
                {
                    "name": "Astafiev Alexey",
                    "email": "efsneiron@gmail.com",
                    "role": "developer"
                }
            ],
            "description": "Base module",
            "homepage": "https://github.com/neiron486k/Base.git",
            "keywords": [
                "base",
                "module",
                "zf2"
            ],
            "time": "2014-12-08 12:14:30"
        }
    ],
    "packages-dev": [],
    "aliases": [],
    "minimum-stability": "stable",
    "stability-flags": {
        "alt/base": 20,
        "alt/media": 20
    },
    "prefer-stable": false,
    "platform": {
        "php": ">=5.4.13"
    },
    "platform-dev": []
}
